
Microsoft Visual Studio Solution File, Format Version 12.00
# Visual Studio 14
VisualStudioVersion = 14.0.24720.0
MinimumVisualStudioVersion = 10.0.40219.1
Project("{FAE04EC0-301F-11D3-BF4B-00C04F79EFBC}") = "Exercise1", "Exercise1\Exercise1.csproj", "{A2A09EAE-24E7-459C-824B-3C212FB9FD1C}"
EndProject
Project("{FAE04EC0-301F-11D3-BF4B-00C04F79EFBC}") = "Exercise2", "Exercise2\Exercise2.csproj", "{08709630-83C5-4A18-9E5F-131304056954}"
EndProject
Project("{FAE04EC0-301F-11D3-BF4B-00C04F79EFBC}") = "Exercise4", "Exercise3\Exercise4.csproj", "{32E6BF53-86FF-4574-93E6-9C0A9664813B}"
EndProject
Project("{FAE04EC0-301F-11D3-BF4B-00C04F79EFBC}") = "exercise3c", "exercise3c\exercise3c.csproj", "{759715EB-9D54-41AA-8666-CE51BE0863D0}"
EndProject
Project("{FAE04EC0-301F-11D3-BF4B-00C04F79EFBC}") = "exercise5", "ConsoleApplication1\exercise5.csproj", "{DF9CAA46-C677-4E85-85A7-460F0F6AB786}"
EndProject
Project("{FAE04EC0-301F-11D3-BF4B-00C04F79EFBC}") = "myATM-4", "myATM-4\myATM-4.csproj", "{170B3ED9-1C34-490B-80D5-4A4E813864A2}"
EndProject
Project("{FAE04EC0-301F-11D3-BF4B-00C04F79EFBC}") = "exercise5MedKlass", "exercise5MedKlass\exercise5MedKlass.csproj", "{34FDD9F5-3888-440F-9A37-004D984CF2EE}"
EndProject
Project("{FAE04EC0-301F-11D3-BF4B-00C04F79EFBC}") = "Exercise8", "exercise8\Exercise8.csproj", "{B26ADD15-A965-4B20-AE64-3C9E86CB1244}"
EndProject
Project("{FAE04EC0-301F-11D3-BF4B-00C04F79EFBC}") = "Exercise9", "Exercise9\Exercise9.csproj", "{ACF43807-B7D7-4A42-B84F-9A022471CFC1}"
EndProject
Project("{FAE04EC0-301F-11D3-BF4B-00C04F79EFBC}") = "Exercise15", "Exercise15\Exercise15.csproj", "{A865F0E2-0747-46AD-8635-D7E2CB8EF919}"
EndProject
Project("{FAE04EC0-301F-11D3-BF4B-00C04F79EFBC}") = "Exercise22", "Exercise22\Exercise22.csproj", "{7F9A2EB4-9268-481D-8808-254788A96E69}"
EndProject
Project("{FAE04EC0-301F-11D3-BF4B-00C04F79EFBC}") = "Exercise13", "Exercise13\Exercise13.csproj", "{1530C75C-6279-43D6-AC98-41580789E865}"
EndProject
Project("{FAE04EC0-301F-11D3-BF4B-00C04F79EFBC}") = "Exercise23A", "Exercise23A\Exercise23A.csproj", "{68AD11C1-3E6A-4365-A7FF-9F852DCFD9AF}"
EndProject
Project("{FAE04EC0-301F-11D3-BF4B-00C04F79EFBC}") = "Exercise23B", "Exercise23B\Exercise23B.csproj", "{8BF17CC7-1F90-49E7-938A-D28ECEF484E7}"
EndProject
Project("{FAE04EC0-301F-11D3-BF4B-00C04F79EFBC}") = "Exercise24", "Exercise24\Exercise24.csproj", "{EAFEEA15-2780-4838-B891-04B370FC1D75}"
EndProject
Project("{FAE04EC0-301F-11D3-BF4B-00C04F79EFBC}") = "Enum-process", "Enum-process\Enum-process.csproj", "{3B2A0A47-BA77-43C0-9B77-952A4F9DD9C9}"
EndProject
Project("{FAE04EC0-301F-11D3-BF4B-00C04F79EFBC}") = "Exercise20", "Exercise20\Exercise20.csproj", "{F6676717-6A48-405B-9DB9-5300416FC698}"
EndProject
Project("{FAE04EC0-301F-11D3-BF4B-00C04F79EFBC}") = "Exercise21", "Exercise21\Exercise21.csproj", "{08F5496F-40B7-407E-95DE-961A7DE872DF}"
EndProject
Project("{FAE04EC0-301F-11D3-BF4B-00C04F79EFBC}") = "Exercise26", "Exercise26\Exercise26.csproj", "{A98CD62D-4A90-4557-ACBB-90320814A2D6}"
EndProject
Project("{FAE04EC0-301F-11D3-BF4B-00C04F79EFBC}") = "Exercise28", "Exercise28\Exercise28.csproj", "{E6EF0E1F-7622-4F37-A38C-395C35A7ECF7}"
EndProject
Project("{FAE04EC0-301F-11D3-BF4B-00C04F79EFBC}") = "Exercise30", "Exercise30\Exercise30.csproj", "{2D4882F8-C79E-4BD8-B555-8267FDD82635}"
EndProject
Project("{FAE04EC0-301F-11D3-BF4B-00C04F79EFBC}") = "Exercise31", "Exercise31\Exercise31.csproj", "{06D2FA9D-7408-4FDA-9317-BE0360A8E526}"
EndProject
Project("{FAE04EC0-301F-11D3-BF4B-00C04F79EFBC}") = "Exercise29", "Exercise29\Exercise29.csproj", "{E410EF20-3B99-4FCE-951E-5FFBF3C543BA}"
EndProject
Project("{FAE04EC0-301F-11D3-BF4B-00C04F79EFBC}") = "Exercise32a", "Exercise32a\Exercise32a.csproj", "{30BAEAD9-2B60-4781-BA5D-2548A07ABA2E}"
EndProject
Project("{FAE04EC0-301F-11D3-BF4B-00C04F79EFBC}") = "Exercise32ci", "Exercise32ci\Exercise32ci.csproj", "{7D75D3F5-1D1A-4376-BEE6-D2DB74439089}"
EndProject
Project("{FAE04EC0-301F-11D3-BF4B-00C04F79EFBC}") = "Exercise16", "Exercise16\Exercise16.csproj", "{7619E10B-03C4-477A-A027-9973529318A8}"
EndProject
Project("{FAE04EC0-301F-11D3-BF4B-00C04F79EFBC}") = "Extra-exercise1", "Extra-exercise1\Extra-exercise1.csproj", "{03FE22BA-D621-4A4A-8C39-53799FB4D286}"
EndProject
Project("{FAE04EC0-301F-11D3-BF4B-00C04F79EFBC}") = "Exercise12", "Exercise12\Exercise12.csproj", "{1D75C6DF-32D3-4084-847B-845FBE651BB3}"
EndProject
Project("{FAE04EC0-301F-11D3-BF4B-00C04F79EFBC}") = "Exercise10", "Exercise10\Exercise10.csproj", "{507A1ED5-1286-4D6A-A517-CE4E00038827}"
EndProject
Global
	GlobalSection(SolutionConfigurationPlatforms) = preSolution
		Debug|Any CPU = Debug|Any CPU
		Release|Any CPU = Release|Any CPU
	EndGlobalSection
	GlobalSection(ProjectConfigurationPlatforms) = postSolution
		{A2A09EAE-24E7-459C-824B-3C212FB9FD1C}.Debug|Any CPU.ActiveCfg = Debug|Any CPU
		{A2A09EAE-24E7-459C-824B-3C212FB9FD1C}.Debug|Any CPU.Build.0 = Debug|Any CPU
		{A2A09EAE-24E7-459C-824B-3C212FB9FD1C}.Release|Any CPU.ActiveCfg = Release|Any CPU
		{A2A09EAE-24E7-459C-824B-3C212FB9FD1C}.Release|Any CPU.Build.0 = Release|Any CPU
		{08709630-83C5-4A18-9E5F-131304056954}.Debug|Any CPU.ActiveCfg = Debug|Any CPU
		{08709630-83C5-4A18-9E5F-131304056954}.Debug|Any CPU.Build.0 = Debug|Any CPU
		{08709630-83C5-4A18-9E5F-131304056954}.Release|Any CPU.ActiveCfg = Release|Any CPU
		{08709630-83C5-4A18-9E5F-131304056954}.Release|Any CPU.Build.0 = Release|Any CPU
		{32E6BF53-86FF-4574-93E6-9C0A9664813B}.Debug|Any CPU.ActiveCfg = Debug|Any CPU
		{32E6BF53-86FF-4574-93E6-9C0A9664813B}.Debug|Any CPU.Build.0 = Debug|Any CPU
		{32E6BF53-86FF-4574-93E6-9C0A9664813B}.Release|Any CPU.ActiveCfg = Release|Any CPU
		{32E6BF53-86FF-4574-93E6-9C0A9664813B}.Release|Any CPU.Build.0 = Release|Any CPU
		{759715EB-9D54-41AA-8666-CE51BE0863D0}.Debug|Any CPU.ActiveCfg = Debug|Any CPU
		{759715EB-9D54-41AA-8666-CE51BE0863D0}.Debug|Any CPU.Build.0 = Debug|Any CPU
		{759715EB-9D54-41AA-8666-CE51BE0863D0}.Release|Any CPU.ActiveCfg = Release|Any CPU
		{759715EB-9D54-41AA-8666-CE51BE0863D0}.Release|Any CPU.Build.0 = Release|Any CPU
		{DF9CAA46-C677-4E85-85A7-460F0F6AB786}.Debug|Any CPU.ActiveCfg = Debug|Any CPU
		{DF9CAA46-C677-4E85-85A7-460F0F6AB786}.Debug|Any CPU.Build.0 = Debug|Any CPU
		{DF9CAA46-C677-4E85-85A7-460F0F6AB786}.Release|Any CPU.ActiveCfg = Release|Any CPU
		{DF9CAA46-C677-4E85-85A7-460F0F6AB786}.Release|Any CPU.Build.0 = Release|Any CPU
		{170B3ED9-1C34-490B-80D5-4A4E813864A2}.Debug|Any CPU.ActiveCfg = Debug|Any CPU
		{170B3ED9-1C34-490B-80D5-4A4E813864A2}.Debug|Any CPU.Build.0 = Debug|Any CPU
		{170B3ED9-1C34-490B-80D5-4A4E813864A2}.Release|Any CPU.ActiveCfg = Release|Any CPU
		{170B3ED9-1C34-490B-80D5-4A4E813864A2}.Release|Any CPU.Build.0 = Release|Any CPU
		{34FDD9F5-3888-440F-9A37-004D984CF2EE}.Debug|Any CPU.ActiveCfg = Debug|Any CPU
		{34FDD9F5-3888-440F-9A37-004D984CF2EE}.Debug|Any CPU.Build.0 = Debug|Any CPU
		{34FDD9F5-3888-440F-9A37-004D984CF2EE}.Release|Any CPU.ActiveCfg = Release|Any CPU
		{34FDD9F5-3888-440F-9A37-004D984CF2EE}.Release|Any CPU.Build.0 = Release|Any CPU
		{B26ADD15-A965-4B20-AE64-3C9E86CB1244}.Debug|Any CPU.ActiveCfg = Debug|Any CPU
		{B26ADD15-A965-4B20-AE64-3C9E86CB1244}.Debug|Any CPU.Build.0 = Debug|Any CPU
		{B26ADD15-A965-4B20-AE64-3C9E86CB1244}.Release|Any CPU.ActiveCfg = Release|Any CPU
		{B26ADD15-A965-4B20-AE64-3C9E86CB1244}.Release|Any CPU.Build.0 = Release|Any CPU
		{ACF43807-B7D7-4A42-B84F-9A022471CFC1}.Debug|Any CPU.ActiveCfg = Debug|Any CPU
		{ACF43807-B7D7-4A42-B84F-9A022471CFC1}.Debug|Any CPU.Build.0 = Debug|Any CPU
		{ACF43807-B7D7-4A42-B84F-9A022471CFC1}.Release|Any CPU.ActiveCfg = Release|Any CPU
		{ACF43807-B7D7-4A42-B84F-9A022471CFC1}.Release|Any CPU.Build.0 = Release|Any CPU
		{A865F0E2-0747-46AD-8635-D7E2CB8EF919}.Debug|Any CPU.ActiveCfg = Debug|Any CPU
		{A865F0E2-0747-46AD-8635-D7E2CB8EF919}.Debug|Any CPU.Build.0 = Debug|Any CPU
		{A865F0E2-0747-46AD-8635-D7E2CB8EF919}.Release|Any CPU.ActiveCfg = Release|Any CPU
		{A865F0E2-0747-46AD-8635-D7E2CB8EF919}.Release|Any CPU.Build.0 = Release|Any CPU
		{7F9A2EB4-9268-481D-8808-254788A96E69}.Debug|Any CPU.ActiveCfg = Debug|Any CPU
		{7F9A2EB4-9268-481D-8808-254788A96E69}.Debug|Any CPU.Build.0 = Debug|Any CPU
		{7F9A2EB4-9268-481D-8808-254788A96E69}.Release|Any CPU.ActiveCfg = Release|Any CPU
		{7F9A2EB4-9268-481D-8808-254788A96E69}.Release|Any CPU.Build.0 = Release|Any CPU
		{1530C75C-6279-43D6-AC98-41580789E865}.Debug|Any CPU.ActiveCfg = Debug|Any CPU
		{1530C75C-6279-43D6-AC98-41580789E865}.Debug|Any CPU.Build.0 = Debug|Any CPU
		{1530C75C-6279-43D6-AC98-41580789E865}.Release|Any CPU.ActiveCfg = Release|Any CPU
		{1530C75C-6279-43D6-AC98-41580789E865}.Release|Any CPU.Build.0 = Release|Any CPU
		{68AD11C1-3E6A-4365-A7FF-9F852DCFD9AF}.Debug|Any CPU.ActiveCfg = Debug|Any CPU
		{68AD11C1-3E6A-4365-A7FF-9F852DCFD9AF}.Debug|Any CPU.Build.0 = Debug|Any CPU
		{68AD11C1-3E6A-4365-A7FF-9F852DCFD9AF}.Release|Any CPU.ActiveCfg = Release|Any CPU
		{68AD11C1-3E6A-4365-A7FF-9F852DCFD9AF}.Release|Any CPU.Build.0 = Release|Any CPU
		{8BF17CC7-1F90-49E7-938A-D28ECEF484E7}.Debug|Any CPU.ActiveCfg = Debug|Any CPU
		{8BF17CC7-1F90-49E7-938A-D28ECEF484E7}.Debug|Any CPU.Build.0 = Debug|Any CPU
		{8BF17CC7-1F90-49E7-938A-D28ECEF484E7}.Release|Any CPU.ActiveCfg = Release|Any CPU
		{8BF17CC7-1F90-49E7-938A-D28ECEF484E7}.Release|Any CPU.Build.0 = Release|Any CPU
		{EAFEEA15-2780-4838-B891-04B370FC1D75}.Debug|Any CPU.ActiveCfg = Debug|Any CPU
		{EAFEEA15-2780-4838-B891-04B370FC1D75}.Debug|Any CPU.Build.0 = Debug|Any CPU
		{EAFEEA15-2780-4838-B891-04B370FC1D75}.Release|Any CPU.ActiveCfg = Release|Any CPU
		{EAFEEA15-2780-4838-B891-04B370FC1D75}.Release|Any CPU.Build.0 = Release|Any CPU
		{3B2A0A47-BA77-43C0-9B77-952A4F9DD9C9}.Debug|Any CPU.ActiveCfg = Debug|Any CPU
		{3B2A0A47-BA77-43C0-9B77-952A4F9DD9C9}.Debug|Any CPU.Build.0 = Debug|Any CPU
		{3B2A0A47-BA77-43C0-9B77-952A4F9DD9C9}.Release|Any CPU.ActiveCfg = Release|Any CPU
		{3B2A0A47-BA77-43C0-9B77-952A4F9DD9C9}.Release|Any CPU.Build.0 = Release|Any CPU
		{F6676717-6A48-405B-9DB9-5300416FC698}.Debug|Any CPU.ActiveCfg = Debug|Any CPU
		{F6676717-6A48-405B-9DB9-5300416FC698}.Debug|Any CPU.Build.0 = Debug|Any CPU
		{F6676717-6A48-405B-9DB9-5300416FC698}.Release|Any CPU.ActiveCfg = Release|Any CPU
		{F6676717-6A48-405B-9DB9-5300416FC698}.Release|Any CPU.Build.0 = Release|Any CPU
		{08F5496F-40B7-407E-95DE-961A7DE872DF}.Debug|Any CPU.ActiveCfg = Debug|Any CPU
		{08F5496F-40B7-407E-95DE-961A7DE872DF}.Debug|Any CPU.Build.0 = Debug|Any CPU
		{08F5496F-40B7-407E-95DE-961A7DE872DF}.Release|Any CPU.ActiveCfg = Release|Any CPU
		{08F5496F-40B7-407E-95DE-961A7DE872DF}.Release|Any CPU.Build.0 = Release|Any CPU
		{A98CD62D-4A90-4557-ACBB-90320814A2D6}.Debug|Any CPU.ActiveCfg = Debug|Any CPU
		{A98CD62D-4A90-4557-ACBB-90320814A2D6}.Debug|Any CPU.Build.0 = Debug|Any CPU
		{A98CD62D-4A90-4557-ACBB-90320814A2D6}.Release|Any CPU.ActiveCfg = Release|Any CPU
		{A98CD62D-4A90-4557-ACBB-90320814A2D6}.Release|Any CPU.Build.0 = Release|Any CPU
		{E6EF0E1F-7622-4F37-A38C-395C35A7ECF7}.Debug|Any CPU.ActiveCfg = Debug|Any CPU
		{E6EF0E1F-7622-4F37-A38C-395C35A7ECF7}.Debug|Any CPU.Build.0 = Debug|Any CPU
		{E6EF0E1F-7622-4F37-A38C-395C35A7ECF7}.Release|Any CPU.ActiveCfg = Release|Any CPU
		{E6EF0E1F-7622-4F37-A38C-395C35A7ECF7}.Release|Any CPU.Build.0 = Release|Any CPU
		{2D4882F8-C79E-4BD8-B555-8267FDD82635}.Debug|Any CPU.ActiveCfg = Debug|Any CPU
		{2D4882F8-C79E-4BD8-B555-8267FDD82635}.Debug|Any CPU.Build.0 = Debug|Any CPU
		{2D4882F8-C79E-4BD8-B555-8267FDD82635}.Release|Any CPU.ActiveCfg = Release|Any CPU
		{2D4882F8-C79E-4BD8-B555-8267FDD82635}.Release|Any CPU.Build.0 = Release|Any CPU
		{06D2FA9D-7408-4FDA-9317-BE0360A8E526}.Debug|Any CPU.ActiveCfg = Debug|Any CPU
		{06D2FA9D-7408-4FDA-9317-BE0360A8E526}.Debug|Any CPU.Build.0 = Debug|Any CPU
		{06D2FA9D-7408-4FDA-9317-BE0360A8E526}.Release|Any CPU.ActiveCfg = Release|Any CPU
		{06D2FA9D-7408-4FDA-9317-BE0360A8E526}.Release|Any CPU.Build.0 = Release|Any CPU
		{E410EF20-3B99-4FCE-951E-5FFBF3C543BA}.Debug|Any CPU.ActiveCfg = Debug|Any CPU
		{E410EF20-3B99-4FCE-951E-5FFBF3C543BA}.Debug|Any CPU.Build.0 = Debug|Any CPU
		{E410EF20-3B99-4FCE-951E-5FFBF3C543BA}.Release|Any CPU.ActiveCfg = Release|Any CPU
		{E410EF20-3B99-4FCE-951E-5FFBF3C543BA}.Release|Any CPU.Build.0 = Release|Any CPU
		{30BAEAD9-2B60-4781-BA5D-2548A07ABA2E}.Debug|Any CPU.ActiveCfg = Debug|Any CPU
		{30BAEAD9-2B60-4781-BA5D-2548A07ABA2E}.Debug|Any CPU.Build.0 = Debug|Any CPU
		{30BAEAD9-2B60-4781-BA5D-2548A07ABA2E}.Release|Any CPU.ActiveCfg = Release|Any CPU
		{30BAEAD9-2B60-4781-BA5D-2548A07ABA2E}.Release|Any CPU.Build.0 = Release|Any CPU
		{7D75D3F5-1D1A-4376-BEE6-D2DB74439089}.Debug|Any CPU.ActiveCfg = Debug|Any CPU
		{7D75D3F5-1D1A-4376-BEE6-D2DB74439089}.Debug|Any CPU.Build.0 = Debug|Any CPU
		{7D75D3F5-1D1A-4376-BEE6-D2DB74439089}.Release|Any CPU.ActiveCfg = Release|Any CPU
		{7D75D3F5-1D1A-4376-BEE6-D2DB74439089}.Release|Any CPU.Build.0 = Release|Any CPU
		{7619E10B-03C4-477A-A027-9973529318A8}.Debug|Any CPU.ActiveCfg = Debug|Any CPU
		{7619E10B-03C4-477A-A027-9973529318A8}.Debug|Any CPU.Build.0 = Debug|Any CPU
		{7619E10B-03C4-477A-A027-9973529318A8}.Release|Any CPU.ActiveCfg = Release|Any CPU
		{7619E10B-03C4-477A-A027-9973529318A8}.Release|Any CPU.Build.0 = Release|Any CPU
		{03FE22BA-D621-4A4A-8C39-53799FB4D286}.Debug|Any CPU.ActiveCfg = Debug|Any CPU
		{03FE22BA-D621-4A4A-8C39-53799FB4D286}.Debug|Any CPU.Build.0 = Debug|Any CPU
		{03FE22BA-D621-4A4A-8C39-53799FB4D286}.Release|Any CPU.ActiveCfg = Release|Any CPU
		{03FE22BA-D621-4A4A-8C39-53799FB4D286}.Release|Any CPU.Build.0 = Release|Any CPU
		{1D75C6DF-32D3-4084-847B-845FBE651BB3}.Debug|Any CPU.ActiveCfg = Debug|Any CPU
		{1D75C6DF-32D3-4084-847B-845FBE651BB3}.Debug|Any CPU.Build.0 = Debug|Any CPU
		{1D75C6DF-32D3-4084-847B-845FBE651BB3}.Release|Any CPU.ActiveCfg = Release|Any CPU
		{1D75C6DF-32D3-4084-847B-845FBE651BB3}.Release|Any CPU.Build.0 = Release|Any CPU
		{507A1ED5-1286-4D6A-A517-CE4E00038827}.Debug|Any CPU.ActiveCfg = Debug|Any CPU
		{507A1ED5-1286-4D6A-A517-CE4E00038827}.Debug|Any CPU.Build.0 = Debug|Any CPU
		{507A1ED5-1286-4D6A-A517-CE4E00038827}.Release|Any CPU.ActiveCfg = Release|Any CPU
		{507A1ED5-1286-4D6A-A517-CE4E00038827}.Release|Any CPU.Build.0 = Release|Any CPU
	EndGlobalSection
	GlobalSection(SolutionProperties) = preSolution
		HideSolutionNode = FALSE
	EndGlobalSection
EndGlobal
